<?xml version="1.0" encoding="utf-8"?>
<Project ToolsVersion="17.0" xmlns="http://schemas.microsoft.com/developer/msbuild/2003">
  <ItemGroup>
    <ClCompile Include="C:\Source\projectm\src\libprojectM\Audio\MilkdropFFT.cpp">
      <Filter>Source Files</Filter>
    </ClCompile>
    <ClCompile Include="C:\Source\projectm\src\libprojectM\Audio\PCM.cpp">
      <Filter>Source Files</Filter>
    </ClCompile>
    <ClCompile Include="C:\Source\projectm\src\libprojectM\Audio\Loudness.cpp">
      <Filter>Source Files</Filter>
    </ClCompile>
    <ClCompile Include="C:\Source\projectm\src\libprojectM\Audio\WaveformAligner.cpp">
      <Filter>Source Files</Filter>
    </ClCompile>
  </ItemGroup>
  <ItemGroup>
    <ClInclude Include="C:\Source\projectm\src\libprojectM\Audio\AudioConstants.hpp">
      <Filter>Header Files</Filter>
    </ClInclude>
    <ClInclude Include="C:\Source\projectm\src\libprojectM\Audio\MilkdropFFT.hpp">
      <Filter>Header Files</Filter>
    </ClInclude>
    <ClInclude Include="C:\Source\projectm\src\libprojectM\Audio\FrameAudioData.hpp">
      <Filter>Header Files</Filter>
    </ClInclude>
    <ClInclude Include="C:\Source\projectm\src\libprojectM\Audio\PCM.hpp">
      <Filter>Header Files</Filter>
    </ClInclude>
    <ClInclude Include="C:\Source\projectm\src\libprojectM\Audio\Loudness.hpp">
      <Filter>Header Files</Filter>
    </ClInclude>
    <ClInclude Include="C:\Source\projectm\src\libprojectM\Audio\WaveformAligner.hpp">
      <Filter>Header Files</Filter>
    </ClInclude>
  </ItemGroup>
  <ItemGroup>
    <CustomBuild Include="C:\Source\projectm\src\libprojectM\Audio\CMakeLists.txt" />
  </ItemGroup>
  <ItemGroup>
    <Filter Include="Header Files">
      <UniqueIdentifier>{43AAD83F-506E-36A7-B3E7-ACFBCDB27CF2}</UniqueIdentifier>
    </Filter>
    <Filter Include="Source Files">
      <UniqueIdentifier>{E33E7390-A2B3-384B-8525-DE1800EE583B}</UniqueIdentifier>
    </Filter>
  </ItemGroup>
</Project>
