<?xml version="1.0" encoding="utf-8"?>
<Project ToolsVersion="17.0" xmlns="http://schemas.microsoft.com/developer/msbuild/2003">
  <ItemGroup>
    <ClCompile Include="C:\Source\projectm\src\libprojectM\UserSprites\Factory.cpp">
      <Filter>Source Files</Filter>
    </ClCompile>
    <ClCompile Include="C:\Source\projectm\src\libprojectM\UserSprites\MilkdropSprite.cpp">
      <Filter>Source Files</Filter>
    </ClCompile>
    <ClCompile Include="C:\Source\projectm\src\libprojectM\UserSprites\SpriteManager.cpp">
      <Filter>Source Files</Filter>
    </ClCompile>
  </ItemGroup>
  <ItemGroup>
    <ClInclude Include="C:\Source\projectm\build-copilot-vs-merged\src\libprojectM\UserSprites\SpriteShaders.hpp">
      <Filter>Header Files</Filter>
    </ClInclude>
    <ClInclude Include="C:\Source\projectm\src\libprojectM\UserSprites\Factory.hpp">
      <Filter>Header Files</Filter>
    </ClInclude>
    <ClInclude Include="C:\Source\projectm\src\libprojectM\UserSprites\MilkdropSprite.hpp">
      <Filter>Header Files</Filter>
    </ClInclude>
    <ClInclude Include="C:\Source\projectm\src\libprojectM\UserSprites\Sprite.hpp">
      <Filter>Header Files</Filter>
    </ClInclude>
    <ClInclude Include="C:\Source\projectm\src\libprojectM\UserSprites\SpriteException.hpp">
      <Filter>Header Files</Filter>
    </ClInclude>
    <ClInclude Include="C:\Source\projectm\src\libprojectM\UserSprites\SpriteManager.hpp">
      <Filter>Header Files</Filter>
    </ClInclude>
  </ItemGroup>
  <ItemGroup>
    <CustomBuild Include="C:\Source\projectm\build-copilot-vs-merged\CMakeFiles\9ffd5f60854b5bbeff84e8386563dd3c\SpriteShaders.hpp.rule">
      <Filter>CMake Rules</Filter>
    </CustomBuild>
    <CustomBuild Include="C:\Source\projectm\src\libprojectM\UserSprites\CMakeLists.txt" />
  </ItemGroup>
  <ItemGroup>
    <Filter Include="CMake Rules">
      <UniqueIdentifier>{93344E11-2A61-3FE6-9FCE-B080A081745B}</UniqueIdentifier>
    </Filter>
    <Filter Include="Header Files">
      <UniqueIdentifier>{43AAD83F-506E-36A7-B3E7-ACFBCDB27CF2}</UniqueIdentifier>
    </Filter>
    <Filter Include="Source Files">
      <UniqueIdentifier>{E33E7390-A2B3-384B-8525-DE1800EE583B}</UniqueIdentifier>
    </Filter>
  </ItemGroup>
</Project>
