<?xml version="1.0" encoding="utf-8"?>
<Project ToolsVersion="17.0" xmlns="http://schemas.microsoft.com/developer/msbuild/2003">
  <ItemGroup>
    <CustomBuild Include="C:\Source\projectm\build-copilot-vs-merged\CMakeFiles\0bbdceb436e947a66be7f1aec1a357db\INSTALL_force.rule">
      <Filter>CMake Rules</Filter>
    </CustomBuild>
  </ItemGroup>
  <ItemGroup>
    <Filter Include="CMake Rules">
      <UniqueIdentifier>{93344E11-2A61-3FE6-9FCE-B080A081745B}</UniqueIdentifier>
    </Filter>
  </ItemGroup>
</Project>
