
Microsoft Visual Studio Solution File, Format Version 12.00
# Visual Studio Version 17
Project("{2150E333-8FDC-42A3-9474-1A3956D46DE8}") = "CMakePredefinedTargets", "CMakePredefinedTargets", "{C113A7A1-713D-3FA0-A88D-A70AFDF51DD3}"
EndProject
Project("{2150E333-8FDC-42A3-9474-1A3956D46DE8}") = "libprojectM", "libprojectM", "{D811BE89-F87D-3BA8-A147-131E4EE76BA0}"
EndProject
Project("{2150E333-8FDC-42A3-9474-1A3956D46DE8}") = "vendor", "vendor", "{AE844EEA-C8D8-31B8-A219-5A20C824D8B6}"
EndProject
Project("{2150E333-8FDC-42A3-9474-1A3956D46DE8}") = "stb_image", "vendor\stb_image", "{475EDFA8-8B89-3A20-A81A-2366208B93C2}"
EndProject
Project("{8BC9CEB8-8B4A-11D0-8D11-00A0C91BC942}") = "ALL_BUILD", "ALL_BUILD.vcxproj", "{D5909F18-6CB8-31E3-B72B-BE8823A6AF94}"
	ProjectSection(ProjectDependencies) = postProject
		{C0161516-D61F-35E1-929F-FBF454023344} = {C0161516-D61F-35E1-929F-FBF454023344}
		{06D3B493-D978-391B-A183-2D2968EC523A} = {06D3B493-D978-391B-A183-2D2968EC523A}
		{E4F0AF13-4E54-38C3-81F2-987B1C1E619B} = {E4F0AF13-4E54-38C3-81F2-987B1C1E619B}
		{8C496E15-12F2-386E-B4D5-C2CC891CD648} = {8C496E15-12F2-386E-B4D5-C2CC891CD648}
		{653F1287-42D6-3C7A-BCF9-3645EC66D6AC} = {653F1287-42D6-3C7A-BCF9-3645EC66D6AC}
		{14948688-49FD-31F9-9D34-8DC546B991BA} = {14948688-49FD-31F9-9D34-8DC546B991BA}
		{05A86FA0-E95D-3E40-A0EC-051102301CC8} = {05A86FA0-E95D-3E40-A0EC-051102301CC8}
		{E0F8AAC6-9045-3C02-B765-4EA557394BC5} = {E0F8AAC6-9045-3C02-B765-4EA557394BC5}
		{86D5AE94-5F2D-3BE8-A3DD-EFFBF848A6DD} = {86D5AE94-5F2D-3BE8-A3DD-EFFBF848A6DD}
		{26301EE7-D2EB-3CE3-AE11-8E67B6BAEBF2} = {26301EE7-D2EB-3CE3-AE11-8E67B6BAEBF2}
		{43CC3E59-7120-321E-BB5C-B6D4BA79EF89} = {43CC3E59-7120-321E-BB5C-B6D4BA79EF89}
		{C6B15B39-24F3-3EAE-924A-A11B33334BB5} = {C6B15B39-24F3-3EAE-924A-A11B33334BB5}
		{5D993359-5E9E-32A9-92CE-A643E6A99ACC} = {5D993359-5E9E-32A9-92CE-A643E6A99ACC}
		{212019A7-4D9E-3B19-A6C7-EDA7DA7A20CF} = {212019A7-4D9E-3B19-A6C7-EDA7DA7A20CF}
		{FD96BAF2-42ED-3004-BBAB-9F475D90FBF2} = {FD96BAF2-42ED-3004-BBAB-9F475D90FBF2}
	EndProjectSection
EndProject
Project("{8BC9CEB8-8B4A-11D0-8D11-00A0C91BC942}") = "Audio", "src\libprojectM\Audio\Audio.vcxproj", "{C0161516-D61F-35E1-929F-FBF454023344}"
	ProjectSection(ProjectDependencies) = postProject
		{653F1287-42D6-3C7A-BCF9-3645EC66D6AC} = {653F1287-42D6-3C7A-BCF9-3645EC66D6AC}
		{43CC3E59-7120-321E-BB5C-B6D4BA79EF89} = {43CC3E59-7120-321E-BB5C-B6D4BA79EF89}
	EndProjectSection
EndProject
Project("{8BC9CEB8-8B4A-11D0-8D11-00A0C91BC942}") = "INSTALL", "INSTALL.vcxproj", "{18453EF1-293B-33B9-A69F-FEC959196C9A}"
	ProjectSection(ProjectDependencies) = postProject
		{D5909F18-6CB8-31E3-B72B-BE8823A6AF94} = {D5909F18-6CB8-31E3-B72B-BE8823A6AF94}
		{653F1287-42D6-3C7A-BCF9-3645EC66D6AC} = {653F1287-42D6-3C7A-BCF9-3645EC66D6AC}
	EndProjectSection
EndProject
Project("{8BC9CEB8-8B4A-11D0-8D11-00A0C91BC942}") = "MilkdropPreset", "src\libprojectM\MilkdropPreset\MilkdropPreset.vcxproj", "{06D3B493-D978-391B-A183-2D2968EC523A}"
	ProjectSection(ProjectDependencies) = postProject
		{653F1287-42D6-3C7A-BCF9-3645EC66D6AC} = {653F1287-42D6-3C7A-BCF9-3645EC66D6AC}
		{E0F8AAC6-9045-3C02-B765-4EA557394BC5} = {E0F8AAC6-9045-3C02-B765-4EA557394BC5}
		{86D5AE94-5F2D-3BE8-A3DD-EFFBF848A6DD} = {86D5AE94-5F2D-3BE8-A3DD-EFFBF848A6DD}
		{43CC3E59-7120-321E-BB5C-B6D4BA79EF89} = {43CC3E59-7120-321E-BB5C-B6D4BA79EF89}
	EndProjectSection
EndProject
Project("{8BC9CEB8-8B4A-11D0-8D11-00A0C91BC942}") = "PACKAGE", "PACKAGE.vcxproj", "{1450C189-A469-3085-BE2C-C19E500D6A66}"
	ProjectSection(ProjectDependencies) = postProject
		{D5909F18-6CB8-31E3-B72B-BE8823A6AF94} = {D5909F18-6CB8-31E3-B72B-BE8823A6AF94}
		{653F1287-42D6-3C7A-BCF9-3645EC66D6AC} = {653F1287-42D6-3C7A-BCF9-3645EC66D6AC}
	EndProjectSection
EndProject
Project("{8BC9CEB8-8B4A-11D0-8D11-00A0C91BC942}") = "Renderer", "src\libprojectM\Renderer\Renderer.vcxproj", "{E4F0AF13-4E54-38C3-81F2-987B1C1E619B}"
	ProjectSection(ProjectDependencies) = postProject
		{653F1287-42D6-3C7A-BCF9-3645EC66D6AC} = {653F1287-42D6-3C7A-BCF9-3645EC66D6AC}
		{14948688-49FD-31F9-9D34-8DC546B991BA} = {14948688-49FD-31F9-9D34-8DC546B991BA}
		{E0F8AAC6-9045-3C02-B765-4EA557394BC5} = {E0F8AAC6-9045-3C02-B765-4EA557394BC5}
		{86D5AE94-5F2D-3BE8-A3DD-EFFBF848A6DD} = {86D5AE94-5F2D-3BE8-A3DD-EFFBF848A6DD}
		{43CC3E59-7120-321E-BB5C-B6D4BA79EF89} = {43CC3E59-7120-321E-BB5C-B6D4BA79EF89}
		{FD96BAF2-42ED-3004-BBAB-9F475D90FBF2} = {FD96BAF2-42ED-3004-BBAB-9F475D90FBF2}
	EndProjectSection
EndProject
Project("{8BC9CEB8-8B4A-11D0-8D11-00A0C91BC942}") = "UserSprites", "src\libprojectM\UserSprites\UserSprites.vcxproj", "{8C496E15-12F2-386E-B4D5-C2CC891CD648}"
	ProjectSection(ProjectDependencies) = postProject
		{06D3B493-D978-391B-A183-2D2968EC523A} = {06D3B493-D978-391B-A183-2D2968EC523A}
		{653F1287-42D6-3C7A-BCF9-3645EC66D6AC} = {653F1287-42D6-3C7A-BCF9-3645EC66D6AC}
		{E0F8AAC6-9045-3C02-B765-4EA557394BC5} = {E0F8AAC6-9045-3C02-B765-4EA557394BC5}
		{86D5AE94-5F2D-3BE8-A3DD-EFFBF848A6DD} = {86D5AE94-5F2D-3BE8-A3DD-EFFBF848A6DD}
		{43CC3E59-7120-321E-BB5C-B6D4BA79EF89} = {43CC3E59-7120-321E-BB5C-B6D4BA79EF89}
	EndProjectSection
EndProject
Project("{8BC9CEB8-8B4A-11D0-8D11-00A0C91BC942}") = "ZERO_CHECK", "ZERO_CHECK.vcxproj", "{653F1287-42D6-3C7A-BCF9-3645EC66D6AC}"
	ProjectSection(ProjectDependencies) = postProject
	EndProjectSection
EndProject
Project("{8BC9CEB8-8B4A-11D0-8D11-00A0C91BC942}") = "glad", "vendor\glad\glad.vcxproj", "{14948688-49FD-31F9-9D34-8DC546B991BA}"
	ProjectSection(ProjectDependencies) = postProject
		{653F1287-42D6-3C7A-BCF9-3645EC66D6AC} = {653F1287-42D6-3C7A-BCF9-3645EC66D6AC}
		{05A86FA0-E95D-3E40-A0EC-051102301CC8} = {05A86FA0-E95D-3E40-A0EC-051102301CC8}
	EndProjectSection
EndProject
Project("{8BC9CEB8-8B4A-11D0-8D11-00A0C91BC942}") = "glad_obj", "vendor\glad\glad_obj.vcxproj", "{05A86FA0-E95D-3E40-A0EC-051102301CC8}"
	ProjectSection(ProjectDependencies) = postProject
		{653F1287-42D6-3C7A-BCF9-3645EC66D6AC} = {653F1287-42D6-3C7A-BCF9-3645EC66D6AC}
	EndProjectSection
EndProject
Project("{8BC9CEB8-8B4A-11D0-8D11-00A0C91BC942}") = "glm", "vendor\glm\glm.vcxproj", "{E0F8AAC6-9045-3C02-B765-4EA557394BC5}"
	ProjectSection(ProjectDependencies) = postProject
		{653F1287-42D6-3C7A-BCF9-3645EC66D6AC} = {653F1287-42D6-3C7A-BCF9-3645EC66D6AC}
	EndProjectSection
EndProject
Project("{8BC9CEB8-8B4A-11D0-8D11-00A0C91BC942}") = "hlslparser", "vendor\hlslparser\hlslparser.vcxproj", "{86D5AE94-5F2D-3BE8-A3DD-EFFBF848A6DD}"
	ProjectSection(ProjectDependencies) = postProject
		{653F1287-42D6-3C7A-BCF9-3645EC66D6AC} = {653F1287-42D6-3C7A-BCF9-3645EC66D6AC}
		{43CC3E59-7120-321E-BB5C-B6D4BA79EF89} = {43CC3E59-7120-321E-BB5C-B6D4BA79EF89}
	EndProjectSection
EndProject
Project("{8BC9CEB8-8B4A-11D0-8D11-00A0C91BC942}") = "projectM", "src\libprojectM\projectM.vcxproj", "{26301EE7-D2EB-3CE3-AE11-8E67B6BAEBF2}"
	ProjectSection(ProjectDependencies) = postProject
		{C0161516-D61F-35E1-929F-FBF454023344} = {C0161516-D61F-35E1-929F-FBF454023344}
		{06D3B493-D978-391B-A183-2D2968EC523A} = {06D3B493-D978-391B-A183-2D2968EC523A}
		{E4F0AF13-4E54-38C3-81F2-987B1C1E619B} = {E4F0AF13-4E54-38C3-81F2-987B1C1E619B}
		{8C496E15-12F2-386E-B4D5-C2CC891CD648} = {8C496E15-12F2-386E-B4D5-C2CC891CD648}
		{653F1287-42D6-3C7A-BCF9-3645EC66D6AC} = {653F1287-42D6-3C7A-BCF9-3645EC66D6AC}
		{05A86FA0-E95D-3E40-A0EC-051102301CC8} = {05A86FA0-E95D-3E40-A0EC-051102301CC8}
		{86D5AE94-5F2D-3BE8-A3DD-EFFBF848A6DD} = {86D5AE94-5F2D-3BE8-A3DD-EFFBF848A6DD}
		{43CC3E59-7120-321E-BB5C-B6D4BA79EF89} = {43CC3E59-7120-321E-BB5C-B6D4BA79EF89}
		{C6B15B39-24F3-3EAE-924A-A11B33334BB5} = {C6B15B39-24F3-3EAE-924A-A11B33334BB5}
		{FD96BAF2-42ED-3004-BBAB-9F475D90FBF2} = {FD96BAF2-42ED-3004-BBAB-9F475D90FBF2}
	EndProjectSection
EndProject
Project("{8BC9CEB8-8B4A-11D0-8D11-00A0C91BC942}") = "projectM_api", "src\api\projectM_api.vcxproj", "{43CC3E59-7120-321E-BB5C-B6D4BA79EF89}"
	ProjectSection(ProjectDependencies) = postProject
		{653F1287-42D6-3C7A-BCF9-3645EC66D6AC} = {653F1287-42D6-3C7A-BCF9-3645EC66D6AC}
	EndProjectSection
EndProject
Project("{8BC9CEB8-8B4A-11D0-8D11-00A0C91BC942}") = "projectM_main", "src\libprojectM\projectM_main.vcxproj", "{C6B15B39-24F3-3EAE-924A-A11B33334BB5}"
	ProjectSection(ProjectDependencies) = postProject
		{C0161516-D61F-35E1-929F-FBF454023344} = {C0161516-D61F-35E1-929F-FBF454023344}
		{06D3B493-D978-391B-A183-2D2968EC523A} = {06D3B493-D978-391B-A183-2D2968EC523A}
		{E4F0AF13-4E54-38C3-81F2-987B1C1E619B} = {E4F0AF13-4E54-38C3-81F2-987B1C1E619B}
		{653F1287-42D6-3C7A-BCF9-3645EC66D6AC} = {653F1287-42D6-3C7A-BCF9-3645EC66D6AC}
		{14948688-49FD-31F9-9D34-8DC546B991BA} = {14948688-49FD-31F9-9D34-8DC546B991BA}
		{E0F8AAC6-9045-3C02-B765-4EA557394BC5} = {E0F8AAC6-9045-3C02-B765-4EA557394BC5}
		{86D5AE94-5F2D-3BE8-A3DD-EFFBF848A6DD} = {86D5AE94-5F2D-3BE8-A3DD-EFFBF848A6DD}
		{43CC3E59-7120-321E-BB5C-B6D4BA79EF89} = {43CC3E59-7120-321E-BB5C-B6D4BA79EF89}
		{FD96BAF2-42ED-3004-BBAB-9F475D90FBF2} = {FD96BAF2-42ED-3004-BBAB-9F475D90FBF2}
	EndProjectSection
EndProject
Project("{8BC9CEB8-8B4A-11D0-8D11-00A0C91BC942}") = "projectM_playlist", "src\playlist\projectM_playlist.vcxproj", "{5D993359-5E9E-32A9-92CE-A643E6A99ACC}"
	ProjectSection(ProjectDependencies) = postProject
		{653F1287-42D6-3C7A-BCF9-3645EC66D6AC} = {653F1287-42D6-3C7A-BCF9-3645EC66D6AC}
		{26301EE7-D2EB-3CE3-AE11-8E67B6BAEBF2} = {26301EE7-D2EB-3CE3-AE11-8E67B6BAEBF2}
		{43CC3E59-7120-321E-BB5C-B6D4BA79EF89} = {43CC3E59-7120-321E-BB5C-B6D4BA79EF89}
		{212019A7-4D9E-3B19-A6C7-EDA7DA7A20CF} = {212019A7-4D9E-3B19-A6C7-EDA7DA7A20CF}
	EndProjectSection
EndProject
Project("{8BC9CEB8-8B4A-11D0-8D11-00A0C91BC942}") = "projectM_playlist_main", "src\playlist\projectM_playlist_main.vcxproj", "{212019A7-4D9E-3B19-A6C7-EDA7DA7A20CF}"
	ProjectSection(ProjectDependencies) = postProject
		{653F1287-42D6-3C7A-BCF9-3645EC66D6AC} = {653F1287-42D6-3C7A-BCF9-3645EC66D6AC}
		{43CC3E59-7120-321E-BB5C-B6D4BA79EF89} = {43CC3E59-7120-321E-BB5C-B6D4BA79EF89}
	EndProjectSection
EndProject
Project("{8BC9CEB8-8B4A-11D0-8D11-00A0C91BC942}") = "stb_image", "vendor\stb_image\stb_image.vcxproj", "{FD96BAF2-42ED-3004-BBAB-9F475D90FBF2}"
	ProjectSection(ProjectDependencies) = postProject
		{653F1287-42D6-3C7A-BCF9-3645EC66D6AC} = {653F1287-42D6-3C7A-BCF9-3645EC66D6AC}
	EndProjectSection
EndProject
Global
	GlobalSection(SolutionConfigurationPlatforms) = preSolution
		Debug|x64 = Debug|x64
		Release|x64 = Release|x64
		MinSizeRel|x64 = MinSizeRel|x64
		RelWithDebInfo|x64 = RelWithDebInfo|x64
	EndGlobalSection
	GlobalSection(ProjectConfigurationPlatforms) = postSolution
		{D5909F18-6CB8-31E3-B72B-BE8823A6AF94}.Debug|x64.ActiveCfg = Debug|x64
		{D5909F18-6CB8-31E3-B72B-BE8823A6AF94}.Debug|x64.Build.0 = Debug|x64
		{D5909F18-6CB8-31E3-B72B-BE8823A6AF94}.Release|x64.ActiveCfg = Release|x64
		{D5909F18-6CB8-31E3-B72B-BE8823A6AF94}.Release|x64.Build.0 = Release|x64
		{D5909F18-6CB8-31E3-B72B-BE8823A6AF94}.MinSizeRel|x64.ActiveCfg = MinSizeRel|x64
		{D5909F18-6CB8-31E3-B72B-BE8823A6AF94}.MinSizeRel|x64.Build.0 = MinSizeRel|x64
		{D5909F18-6CB8-31E3-B72B-BE8823A6AF94}.RelWithDebInfo|x64.ActiveCfg = RelWithDebInfo|x64
		{D5909F18-6CB8-31E3-B72B-BE8823A6AF94}.RelWithDebInfo|x64.Build.0 = RelWithDebInfo|x64
		{C0161516-D61F-35E1-929F-FBF454023344}.Debug|x64.ActiveCfg = Debug|x64
		{C0161516-D61F-35E1-929F-FBF454023344}.Debug|x64.Build.0 = Debug|x64
		{C0161516-D61F-35E1-929F-FBF454023344}.Release|x64.ActiveCfg = Release|x64
		{C0161516-D61F-35E1-929F-FBF454023344}.Release|x64.Build.0 = Release|x64
		{C0161516-D61F-35E1-929F-FBF454023344}.MinSizeRel|x64.ActiveCfg = MinSizeRel|x64
		{C0161516-D61F-35E1-929F-FBF454023344}.MinSizeRel|x64.Build.0 = MinSizeRel|x64
		{C0161516-D61F-35E1-929F-FBF454023344}.RelWithDebInfo|x64.ActiveCfg = RelWithDebInfo|x64
		{C0161516-D61F-35E1-929F-FBF454023344}.RelWithDebInfo|x64.Build.0 = RelWithDebInfo|x64
		{18453EF1-293B-33B9-A69F-FEC959196C9A}.Debug|x64.ActiveCfg = Debug|x64
		{18453EF1-293B-33B9-A69F-FEC959196C9A}.Release|x64.ActiveCfg = Release|x64
		{18453EF1-293B-33B9-A69F-FEC959196C9A}.MinSizeRel|x64.ActiveCfg = MinSizeRel|x64
		{18453EF1-293B-33B9-A69F-FEC959196C9A}.RelWithDebInfo|x64.ActiveCfg = RelWithDebInfo|x64
		{06D3B493-D978-391B-A183-2D2968EC523A}.Debug|x64.ActiveCfg = Debug|x64
		{06D3B493-D978-391B-A183-2D2968EC523A}.Debug|x64.Build.0 = Debug|x64
		{06D3B493-D978-391B-A183-2D2968EC523A}.Release|x64.ActiveCfg = Release|x64
		{06D3B493-D978-391B-A183-2D2968EC523A}.Release|x64.Build.0 = Release|x64
		{06D3B493-D978-391B-A183-2D2968EC523A}.MinSizeRel|x64.ActiveCfg = MinSizeRel|x64
		{06D3B493-D978-391B-A183-2D2968EC523A}.MinSizeRel|x64.Build.0 = MinSizeRel|x64
		{06D3B493-D978-391B-A183-2D2968EC523A}.RelWithDebInfo|x64.ActiveCfg = RelWithDebInfo|x64
		{06D3B493-D978-391B-A183-2D2968EC523A}.RelWithDebInfo|x64.Build.0 = RelWithDebInfo|x64
		{1450C189-A469-3085-BE2C-C19E500D6A66}.Debug|x64.ActiveCfg = Debug|x64
		{1450C189-A469-3085-BE2C-C19E500D6A66}.Release|x64.ActiveCfg = Release|x64
		{1450C189-A469-3085-BE2C-C19E500D6A66}.MinSizeRel|x64.ActiveCfg = MinSizeRel|x64
		{1450C189-A469-3085-BE2C-C19E500D6A66}.RelWithDebInfo|x64.ActiveCfg = RelWithDebInfo|x64
		{E4F0AF13-4E54-38C3-81F2-987B1C1E619B}.Debug|x64.ActiveCfg = Debug|x64
		{E4F0AF13-4E54-38C3-81F2-987B1C1E619B}.Debug|x64.Build.0 = Debug|x64
		{E4F0AF13-4E54-38C3-81F2-987B1C1E619B}.Release|x64.ActiveCfg = Release|x64
		{E4F0AF13-4E54-38C3-81F2-987B1C1E619B}.Release|x64.Build.0 = Release|x64
		{E4F0AF13-4E54-38C3-81F2-987B1C1E619B}.MinSizeRel|x64.ActiveCfg = MinSizeRel|x64
		{E4F0AF13-4E54-38C3-81F2-987B1C1E619B}.MinSizeRel|x64.Build.0 = MinSizeRel|x64
		{E4F0AF13-4E54-38C3-81F2-987B1C1E619B}.RelWithDebInfo|x64.ActiveCfg = RelWithDebInfo|x64
		{E4F0AF13-4E54-38C3-81F2-987B1C1E619B}.RelWithDebInfo|x64.Build.0 = RelWithDebInfo|x64
		{8C496E15-12F2-386E-B4D5-C2CC891CD648}.Debug|x64.ActiveCfg = Debug|x64
		{8C496E15-12F2-386E-B4D5-C2CC891CD648}.Debug|x64.Build.0 = Debug|x64
		{8C496E15-12F2-386E-B4D5-C2CC891CD648}.Release|x64.ActiveCfg = Release|x64
		{8C496E15-12F2-386E-B4D5-C2CC891CD648}.Release|x64.Build.0 = Release|x64
		{8C496E15-12F2-386E-B4D5-C2CC891CD648}.MinSizeRel|x64.ActiveCfg = MinSizeRel|x64
		{8C496E15-12F2-386E-B4D5-C2CC891CD648}.MinSizeRel|x64.Build.0 = MinSizeRel|x64
		{8C496E15-12F2-386E-B4D5-C2CC891CD648}.RelWithDebInfo|x64.ActiveCfg = RelWithDebInfo|x64
		{8C496E15-12F2-386E-B4D5-C2CC891CD648}.RelWithDebInfo|x64.Build.0 = RelWithDebInfo|x64
		{653F1287-42D6-3C7A-BCF9-3645EC66D6AC}.Debug|x64.ActiveCfg = Debug|x64
		{653F1287-42D6-3C7A-BCF9-3645EC66D6AC}.Debug|x64.Build.0 = Debug|x64
		{653F1287-42D6-3C7A-BCF9-3645EC66D6AC}.Release|x64.ActiveCfg = Release|x64
		{653F1287-42D6-3C7A-BCF9-3645EC66D6AC}.Release|x64.Build.0 = Release|x64
		{653F1287-42D6-3C7A-BCF9-3645EC66D6AC}.MinSizeRel|x64.ActiveCfg = MinSizeRel|x64
		{653F1287-42D6-3C7A-BCF9-3645EC66D6AC}.MinSizeRel|x64.Build.0 = MinSizeRel|x64
		{653F1287-42D6-3C7A-BCF9-3645EC66D6AC}.RelWithDebInfo|x64.ActiveCfg = RelWithDebInfo|x64
		{653F1287-42D6-3C7A-BCF9-3645EC66D6AC}.RelWithDebInfo|x64.Build.0 = RelWithDebInfo|x64
		{14948688-49FD-31F9-9D34-8DC546B991BA}.Debug|x64.ActiveCfg = Debug|x64
		{14948688-49FD-31F9-9D34-8DC546B991BA}.Debug|x64.Build.0 = Debug|x64
		{14948688-49FD-31F9-9D34-8DC546B991BA}.Release|x64.ActiveCfg = Release|x64
		{14948688-49FD-31F9-9D34-8DC546B991BA}.Release|x64.Build.0 = Release|x64
		{14948688-49FD-31F9-9D34-8DC546B991BA}.MinSizeRel|x64.ActiveCfg = MinSizeRel|x64
		{14948688-49FD-31F9-9D34-8DC546B991BA}.MinSizeRel|x64.Build.0 = MinSizeRel|x64
		{14948688-49FD-31F9-9D34-8DC546B991BA}.RelWithDebInfo|x64.ActiveCfg = RelWithDebInfo|x64
		{14948688-49FD-31F9-9D34-8DC546B991BA}.RelWithDebInfo|x64.Build.0 = RelWithDebInfo|x64
		{05A86FA0-E95D-3E40-A0EC-051102301CC8}.Debug|x64.ActiveCfg = Debug|x64
		{05A86FA0-E95D-3E40-A0EC-051102301CC8}.Debug|x64.Build.0 = Debug|x64
		{05A86FA0-E95D-3E40-A0EC-051102301CC8}.Release|x64.ActiveCfg = Release|x64
		{05A86FA0-E95D-3E40-A0EC-051102301CC8}.Release|x64.Build.0 = Release|x64
		{05A86FA0-E95D-3E40-A0EC-051102301CC8}.MinSizeRel|x64.ActiveCfg = MinSizeRel|x64
		{05A86FA0-E95D-3E40-A0EC-051102301CC8}.MinSizeRel|x64.Build.0 = MinSizeRel|x64
		{05A86FA0-E95D-3E40-A0EC-051102301CC8}.RelWithDebInfo|x64.ActiveCfg = RelWithDebInfo|x64
		{05A86FA0-E95D-3E40-A0EC-051102301CC8}.RelWithDebInfo|x64.Build.0 = RelWithDebInfo|x64
		{E0F8AAC6-9045-3C02-B765-4EA557394BC5}.Debug|x64.ActiveCfg = Debug|x64
		{E0F8AAC6-9045-3C02-B765-4EA557394BC5}.Debug|x64.Build.0 = Debug|x64
		{E0F8AAC6-9045-3C02-B765-4EA557394BC5}.Release|x64.ActiveCfg = Release|x64
		{E0F8AAC6-9045-3C02-B765-4EA557394BC5}.Release|x64.Build.0 = Release|x64
		{E0F8AAC6-9045-3C02-B765-4EA557394BC5}.MinSizeRel|x64.ActiveCfg = MinSizeRel|x64
		{E0F8AAC6-9045-3C02-B765-4EA557394BC5}.MinSizeRel|x64.Build.0 = MinSizeRel|x64
		{E0F8AAC6-9045-3C02-B765-4EA557394BC5}.RelWithDebInfo|x64.ActiveCfg = RelWithDebInfo|x64
		{E0F8AAC6-9045-3C02-B765-4EA557394BC5}.RelWithDebInfo|x64.Build.0 = RelWithDebInfo|x64
		{86D5AE94-5F2D-3BE8-A3DD-EFFBF848A6DD}.Debug|x64.ActiveCfg = Debug|x64
		{86D5AE94-5F2D-3BE8-A3DD-EFFBF848A6DD}.Debug|x64.Build.0 = Debug|x64
		{86D5AE94-5F2D-3BE8-A3DD-EFFBF848A6DD}.Release|x64.ActiveCfg = Release|x64
		{86D5AE94-5F2D-3BE8-A3DD-EFFBF848A6DD}.Release|x64.Build.0 = Release|x64
		{86D5AE94-5F2D-3BE8-A3DD-EFFBF848A6DD}.MinSizeRel|x64.ActiveCfg = MinSizeRel|x64
		{86D5AE94-5F2D-3BE8-A3DD-EFFBF848A6DD}.MinSizeRel|x64.Build.0 = MinSizeRel|x64
		{86D5AE94-5F2D-3BE8-A3DD-EFFBF848A6DD}.RelWithDebInfo|x64.ActiveCfg = RelWithDebInfo|x64
		{86D5AE94-5F2D-3BE8-A3DD-EFFBF848A6DD}.RelWithDebInfo|x64.Build.0 = RelWithDebInfo|x64
		{26301EE7-D2EB-3CE3-AE11-8E67B6BAEBF2}.Debug|x64.ActiveCfg = Debug|x64
		{26301EE7-D2EB-3CE3-AE11-8E67B6BAEBF2}.Debug|x64.Build.0 = Debug|x64
		{26301EE7-D2EB-3CE3-AE11-8E67B6BAEBF2}.Release|x64.ActiveCfg = Release|x64
		{26301EE7-D2EB-3CE3-AE11-8E67B6BAEBF2}.Release|x64.Build.0 = Release|x64
		{26301EE7-D2EB-3CE3-AE11-8E67B6BAEBF2}.MinSizeRel|x64.ActiveCfg = MinSizeRel|x64
		{26301EE7-D2EB-3CE3-AE11-8E67B6BAEBF2}.MinSizeRel|x64.Build.0 = MinSizeRel|x64
		{26301EE7-D2EB-3CE3-AE11-8E67B6BAEBF2}.RelWithDebInfo|x64.ActiveCfg = RelWithDebInfo|x64
		{26301EE7-D2EB-3CE3-AE11-8E67B6BAEBF2}.RelWithDebInfo|x64.Build.0 = RelWithDebInfo|x64
		{43CC3E59-7120-321E-BB5C-B6D4BA79EF89}.Debug|x64.ActiveCfg = Debug|x64
		{43CC3E59-7120-321E-BB5C-B6D4BA79EF89}.Debug|x64.Build.0 = Debug|x64
		{43CC3E59-7120-321E-BB5C-B6D4BA79EF89}.Release|x64.ActiveCfg = Release|x64
		{43CC3E59-7120-321E-BB5C-B6D4BA79EF89}.Release|x64.Build.0 = Release|x64
		{43CC3E59-7120-321E-BB5C-B6D4BA79EF89}.MinSizeRel|x64.ActiveCfg = MinSizeRel|x64
		{43CC3E59-7120-321E-BB5C-B6D4BA79EF89}.MinSizeRel|x64.Build.0 = MinSizeRel|x64
		{43CC3E59-7120-321E-BB5C-B6D4BA79EF89}.RelWithDebInfo|x64.ActiveCfg = RelWithDebInfo|x64
		{43CC3E59-7120-321E-BB5C-B6D4BA79EF89}.RelWithDebInfo|x64.Build.0 = RelWithDebInfo|x64
		{C6B15B39-24F3-3EAE-924A-A11B33334BB5}.Debug|x64.ActiveCfg = Debug|x64
		{C6B15B39-24F3-3EAE-924A-A11B33334BB5}.Debug|x64.Build.0 = Debug|x64
		{C6B15B39-24F3-3EAE-924A-A11B33334BB5}.Release|x64.ActiveCfg = Release|x64
		{C6B15B39-24F3-3EAE-924A-A11B33334BB5}.Release|x64.Build.0 = Release|x64
		{C6B15B39-24F3-3EAE-924A-A11B33334BB5}.MinSizeRel|x64.ActiveCfg = MinSizeRel|x64
		{C6B15B39-24F3-3EAE-924A-A11B33334BB5}.MinSizeRel|x64.Build.0 = MinSizeRel|x64
		{C6B15B39-24F3-3EAE-924A-A11B33334BB5}.RelWithDebInfo|x64.ActiveCfg = RelWithDebInfo|x64
		{C6B15B39-24F3-3EAE-924A-A11B33334BB5}.RelWithDebInfo|x64.Build.0 = RelWithDebInfo|x64
		{5D993359-5E9E-32A9-92CE-A643E6A99ACC}.Debug|x64.ActiveCfg = Debug|x64
		{5D993359-5E9E-32A9-92CE-A643E6A99ACC}.Debug|x64.Build.0 = Debug|x64
		{5D993359-5E9E-32A9-92CE-A643E6A99ACC}.Release|x64.ActiveCfg = Release|x64
		{5D993359-5E9E-32A9-92CE-A643E6A99ACC}.Release|x64.Build.0 = Release|x64
		{5D993359-5E9E-32A9-92CE-A643E6A99ACC}.MinSizeRel|x64.ActiveCfg = MinSizeRel|x64
		{5D993359-5E9E-32A9-92CE-A643E6A99ACC}.MinSizeRel|x64.Build.0 = MinSizeRel|x64
		{5D993359-5E9E-32A9-92CE-A643E6A99ACC}.RelWithDebInfo|x64.ActiveCfg = RelWithDebInfo|x64
		{5D993359-5E9E-32A9-92CE-A643E6A99ACC}.RelWithDebInfo|x64.Build.0 = RelWithDebInfo|x64
		{212019A7-4D9E-3B19-A6C7-EDA7DA7A20CF}.Debug|x64.ActiveCfg = Debug|x64
		{212019A7-4D9E-3B19-A6C7-EDA7DA7A20CF}.Debug|x64.Build.0 = Debug|x64
		{212019A7-4D9E-3B19-A6C7-EDA7DA7A20CF}.Release|x64.ActiveCfg = Release|x64
		{212019A7-4D9E-3B19-A6C7-EDA7DA7A20CF}.Release|x64.Build.0 = Release|x64
		{212019A7-4D9E-3B19-A6C7-EDA7DA7A20CF}.MinSizeRel|x64.ActiveCfg = MinSizeRel|x64
		{212019A7-4D9E-3B19-A6C7-EDA7DA7A20CF}.MinSizeRel|x64.Build.0 = MinSizeRel|x64
		{212019A7-4D9E-3B19-A6C7-EDA7DA7A20CF}.RelWithDebInfo|x64.ActiveCfg = RelWithDebInfo|x64
		{212019A7-4D9E-3B19-A6C7-EDA7DA7A20CF}.RelWithDebInfo|x64.Build.0 = RelWithDebInfo|x64
		{FD96BAF2-42ED-3004-BBAB-9F475D90FBF2}.Debug|x64.ActiveCfg = Debug|x64
		{FD96BAF2-42ED-3004-BBAB-9F475D90FBF2}.Debug|x64.Build.0 = Debug|x64
		{FD96BAF2-42ED-3004-BBAB-9F475D90FBF2}.Release|x64.ActiveCfg = Release|x64
		{FD96BAF2-42ED-3004-BBAB-9F475D90FBF2}.Release|x64.Build.0 = Release|x64
		{FD96BAF2-42ED-3004-BBAB-9F475D90FBF2}.MinSizeRel|x64.ActiveCfg = MinSizeRel|x64
		{FD96BAF2-42ED-3004-BBAB-9F475D90FBF2}.MinSizeRel|x64.Build.0 = MinSizeRel|x64
		{FD96BAF2-42ED-3004-BBAB-9F475D90FBF2}.RelWithDebInfo|x64.ActiveCfg = RelWithDebInfo|x64
		{FD96BAF2-42ED-3004-BBAB-9F475D90FBF2}.RelWithDebInfo|x64.Build.0 = RelWithDebInfo|x64
	EndGlobalSection
	GlobalSection(NestedProjects) = preSolution
		{D5909F18-6CB8-31E3-B72B-BE8823A6AF94} = {C113A7A1-713D-3FA0-A88D-A70AFDF51DD3}
		{18453EF1-293B-33B9-A69F-FEC959196C9A} = {C113A7A1-713D-3FA0-A88D-A70AFDF51DD3}
		{1450C189-A469-3085-BE2C-C19E500D6A66} = {C113A7A1-713D-3FA0-A88D-A70AFDF51DD3}
		{653F1287-42D6-3C7A-BCF9-3645EC66D6AC} = {C113A7A1-713D-3FA0-A88D-A70AFDF51DD3}
		{06D3B493-D978-391B-A183-2D2968EC523A} = {D811BE89-F87D-3BA8-A147-131E4EE76BA0}
		{E4F0AF13-4E54-38C3-81F2-987B1C1E619B} = {D811BE89-F87D-3BA8-A147-131E4EE76BA0}
		{86D5AE94-5F2D-3BE8-A3DD-EFFBF848A6DD} = {D811BE89-F87D-3BA8-A147-131E4EE76BA0}
		{26301EE7-D2EB-3CE3-AE11-8E67B6BAEBF2} = {D811BE89-F87D-3BA8-A147-131E4EE76BA0}
		{43CC3E59-7120-321E-BB5C-B6D4BA79EF89} = {D811BE89-F87D-3BA8-A147-131E4EE76BA0}
		{5D993359-5E9E-32A9-92CE-A643E6A99ACC} = {D811BE89-F87D-3BA8-A147-131E4EE76BA0}
		{475EDFA8-8B89-3A20-A81A-2366208B93C2} = {AE844EEA-C8D8-31B8-A219-5A20C824D8B6}
		{FD96BAF2-42ED-3004-BBAB-9F475D90FBF2} = {475EDFA8-8B89-3A20-A81A-2366208B93C2}
	EndGlobalSection
	GlobalSection(ExtensibilityGlobals) = postSolution
		SolutionGuid = {7423DE19-6541-33EE-A17C-305B3E47495E}
	EndGlobalSection
	GlobalSection(ExtensibilityAddIns) = postSolution
	EndGlobalSection
EndGlobal
